
Microsoft Visual Studio Solution File, Format Version 12.00
# Visual Studio Version 16
VisualStudioVersion = 16.0.31005.135
MinimumVisualStudioVersion = 10.0.40219.1
Project("{FAE04EC0-301F-11D3-BF4B-00C04F79EFBC}") = "Kutech", "Kutech\Kutech.csproj", "{B038CBB8-FB8C-49BD-8FF6-8CFA663673C7}"
EndProject
Global
	GlobalSection(SolutionConfigurationPlatforms) = preSolution
		Debug|Any CPU = Debug|Any CPU
		Release|Any CPU = Release|Any CPU
	EndGlobalSection
	GlobalSection(ProjectConfigurationPlatforms) = postSolution
		{B038CBB8-FB8C-49BD-8FF6-8CFA663673C7}.Debug|Any CPU.ActiveCfg = Debug|Any CPU
		{B038CBB8-FB8C-49BD-8FF6-8CFA663673C7}.Debug|Any CPU.Build.0 = Debug|Any CPU
		{B038CBB8-FB8C-49BD-8FF6-8CFA663673C7}.Release|Any CPU.ActiveCfg = Release|Any CPU
		{B038CBB8-FB8C-49BD-8FF6-8CFA663673C7}.Release|Any CPU.Build.0 = Release|Any CPU
	EndGlobalSection
	GlobalSection(SolutionProperties) = preSolution
		HideSolutionNode = FALSE
	EndGlobalSection
	GlobalSection(ExtensibilityGlobals) = postSolution
		SolutionGuid = {52702BD3-F127-4BC0-AF86-16831AE320B8}
	EndGlobalSection
EndGlobal
